
Microsoft Visual Studio Solution File, Format Version 12.00
# Visual Studio Version 16
VisualStudioVersion = 16.0.30523.141
MinimumVisualStudioVersion = 10.0.40219.1
Project("{FAE04EC0-301F-11D3-BF4B-00C04F79EFBC}") = "InterParkingEx2", "InterParkingEx2\InterParkingEx2.csproj", "{81107064-8D77-4A40-80C3-DA7D4C038EDC}"
EndProject
Global
	GlobalSection(SolutionConfigurationPlatforms) = preSolution
		Debug|Any CPU = Debug|Any CPU
		Release|Any CPU = Release|Any CPU
	EndGlobalSection
	GlobalSection(ProjectConfigurationPlatforms) = postSolution
		{81107064-8D77-4A40-80C3-DA7D4C038EDC}.Debug|Any CPU.ActiveCfg = Debug|Any CPU
		{81107064-8D77-4A40-80C3-DA7D4C038EDC}.Debug|Any CPU.Build.0 = Debug|Any CPU
		{81107064-8D77-4A40-80C3-DA7D4C038EDC}.Release|Any CPU.ActiveCfg = Release|Any CPU
		{81107064-8D77-4A40-80C3-DA7D4C038EDC}.Release|Any CPU.Build.0 = Release|Any CPU
	EndGlobalSection
	GlobalSection(SolutionProperties) = preSolution
		HideSolutionNode = FALSE
	EndGlobalSection
	GlobalSection(ExtensibilityGlobals) = postSolution
		SolutionGuid = {3FC378E7-75F5-4CC8-92B8-227F48AE118F}
	EndGlobalSection
EndGlobal
